
Microsoft Visual Studio Solution File, Format Version 12.00
# Visual Studio Version 17
VisualStudioVersion = 17.11.35303.130
MinimumVisualStudioVersion = 10.0.40219.1
Project("{8BC9CEB8-8B4A-11D0-8D11-00A0C91BC942}") = "test4.c", "test4.c\test4.c.vcxproj", "{22FB4720-E494-4884-8F45-4AC007E9A4B7}"
EndProject
Global
	GlobalSection(SolutionConfigurationPlatforms) = preSolution
		Debug|x64 = Debug|x64
		Debug|x86 = Debug|x86
		Release|x64 = Release|x64
		Release|x86 = Release|x86
	EndGlobalSection
	GlobalSection(ProjectConfigurationPlatforms) = postSolution
		{22FB4720-E494-4884-8F45-4AC007E9A4B7}.Debug|x64.ActiveCfg = Debug|x64
		{22FB4720-E494-4884-8F45-4AC007E9A4B7}.Debug|x64.Build.0 = Debug|x64
		{22FB4720-E494-4884-8F45-4AC007E9A4B7}.Debug|x86.ActiveCfg = Debug|Win32
		{22FB4720-E494-4884-8F45-4AC007E9A4B7}.Debug|x86.Build.0 = Debug|Win32
		{22FB4720-E494-4884-8F45-4AC007E9A4B7}.Release|x64.ActiveCfg = Release|x64
		{22FB4720-E494-4884-8F45-4AC007E9A4B7}.Release|x64.Build.0 = Release|x64
		{22FB4720-E494-4884-8F45-4AC007E9A4B7}.Release|x86.ActiveCfg = Release|Win32
		{22FB4720-E494-4884-8F45-4AC007E9A4B7}.Release|x86.Build.0 = Release|Win32
	EndGlobalSection
	GlobalSection(SolutionProperties) = preSolution
		HideSolutionNode = FALSE
	EndGlobalSection
	GlobalSection(ExtensibilityGlobals) = postSolution
		SolutionGuid = {F31FD1FA-FA9A-434C-A82F-BD2A0FAC797A}
	EndGlobalSection
EndGlobal
